// !$*UTF8*$!
{
	archiveVersion = 1;
	classes = {
	};
	objectVersion = 50;
	objects = {

/* Begin PBXBuildFile section */
		3D05B5F72202140E0056E7B9 /* Network.swift in Sources */ = {isa = PBXBuildFile; fileRef = 3D05B5F62202140E0056E7B9 /* Network.swift */; };
		3D123A152215CC9D009A8E57 /* ColorWeel.swift in Sources */ = {isa = PBXBuildFile; fileRef = 3D123A142215CC9D009A8E57 /* ColorWeel.swift */; };
		3D2D7B8B2208A7E4000E426A /* InheritanceViewController.swift in Sources */ = {isa = PBXBuildFile; fileRef = 3D2D7B8A2208A7E4000E426A /* InheritanceViewController.swift */; };
		3D2D7B922208C89B000E426A /* BibliotecaViewController.swift in Sources */ = {isa = PBXBuildFile; fileRef = 3D2D7B912208C89B000E426A /* BibliotecaViewController.swift */; };
		3D2D7B942208C8BA000E426A /* PerfilViewController.swift in Sources */ = {isa = PBXBuildFile; fileRef = 3D2D7B932208C8BA000E426A /* PerfilViewController.swift */; };
		3D34FCFC22131FDA0062DB7E /* NotificacoesViewController.swift in Sources */ = {isa = PBXBuildFile; fileRef = 3D34FCFB22131FDA0062DB7E /* NotificacoesViewController.swift */; };
		3D34FD082213244F0062DB7E /* PrimeiraViewController.swift in Sources */ = {isa = PBXBuildFile; fileRef = 3D34FD072213244F0062DB7E /* PrimeiraViewController.swift */; };
		3D34FD0A2213251E0062DB7E /* InicioViewController.swift in Sources */ = {isa = PBXBuildFile; fileRef = 3D34FD092213251E0062DB7E /* InicioViewController.swift */; };
		3D34FD1C221484EC0062DB7E /* CustomCell.swift in Sources */ = {isa = PBXBuildFile; fileRef = 3D34FD1B221484EC0062DB7E /* CustomCell.swift */; };
		3D34FD1E221485350062DB7E /* CustomCell.xib in Resources */ = {isa = PBXBuildFile; fileRef = 3D34FD1D221485350062DB7E /* CustomCell.xib */; };
		3D38682322119FDF00E89FF4 /* CadastroViewController.swift in Sources */ = {isa = PBXBuildFile; fileRef = 3D38682222119FDF00E89FF4 /* CadastroViewController.swift */; };
		3D3868252211A00E00E89FF4 /* LoginViewController.swift in Sources */ = {isa = PBXBuildFile; fileRef = 3D3868242211A00E00E89FF4 /* LoginViewController.swift */; };
		3D3868282211AE8300E89FF4 /* AppUtil.swift in Sources */ = {isa = PBXBuildFile; fileRef = 3D3868272211AE8300E89FF4 /* AppUtil.swift */; };
		3D38682A2211AEAA00E89FF4 /* AppError.swift in Sources */ = {isa = PBXBuildFile; fileRef = 3D3868292211AEAA00E89FF4 /* AppError.swift */; };
		3D38682C2211AEC000E89FF4 /* AppServer.swift in Sources */ = {isa = PBXBuildFile; fileRef = 3D38682B2211AEC000E89FF4 /* AppServer.swift */; };
		3D38682E2211AED600E89FF4 /* AppService.swift in Sources */ = {isa = PBXBuildFile; fileRef = 3D38682D2211AED600E89FF4 /* AppService.swift */; };
		3D3868302211AEE900E89FF4 /* AppConfig.swift in Sources */ = {isa = PBXBuildFile; fileRef = 3D38682F2211AEE900E89FF4 /* AppConfig.swift */; };
		3D3868332211DBEE00E89FF4 /* resumo.swift in Sources */ = {isa = PBXBuildFile; fileRef = 3D3868322211DBEE00E89FF4 /* resumo.swift */; };
		3D415D3F21FB84A500A8FE31 /* Util.swift in Sources */ = {isa = PBXBuildFile; fileRef = 3D415D3E21FB84A500A8FE31 /* Util.swift */; };
		3D79641321F79F0700E171DC /* playerManager.swift in Sources */ = {isa = PBXBuildFile; fileRef = 3D79641221F79F0700E171DC /* playerManager.swift */; };
		3D7B9A212225DA5D0028A4FF /* LeituraViewController.swift in Sources */ = {isa = PBXBuildFile; fileRef = 3D7B9A202225DA5D0028A4FF /* LeituraViewController.swift */; };
		3D891C67220387CD0010E7A9 /* BaseViewController.swift in Sources */ = {isa = PBXBuildFile; fileRef = 3D891C66220387CD0010E7A9 /* BaseViewController.swift */; };
		3D9514C021F5EDA7004960CE /* AppDelegate.swift in Sources */ = {isa = PBXBuildFile; fileRef = 3D9514BF21F5EDA7004960CE /* AppDelegate.swift */; };
		3D9514C521F5EDA7004960CE /* Main.storyboard in Resources */ = {isa = PBXBuildFile; fileRef = 3D9514C321F5EDA7004960CE /* Main.storyboard */; };
		3D9514C721F5EDA9004960CE /* Assets.xcassets in Resources */ = {isa = PBXBuildFile; fileRef = 3D9514C621F5EDA9004960CE /* Assets.xcassets */; };
		3D9514CA21F5EDA9004960CE /* LaunchScreen.storyboard in Resources */ = {isa = PBXBuildFile; fileRef = 3D9514C821F5EDA9004960CE /* LaunchScreen.storyboard */; };
		3D956BCE2224443C00E20477 /* CadastroTextField.swift in Sources */ = {isa = PBXBuildFile; fileRef = 3D956BCD2224443C00E20477 /* CadastroTextField.swift */; };
		3D956BD122248EE200E20477 /* UITextViewExtension.swift in Sources */ = {isa = PBXBuildFile; fileRef = 3D956BD022248EE200E20477 /* UITextViewExtension.swift */; };
		3DC1C2002200C175009080EF /* TabBarViewController.swift in Sources */ = {isa = PBXBuildFile; fileRef = 3DC1C1FF2200C175009080EF /* TabBarViewController.swift */; };
		3DC1C2022201F2C9009080EF /* PlayerCardViewController.swift in Sources */ = {isa = PBXBuildFile; fileRef = 3DC1C2012201F2C9009080EF /* PlayerCardViewController.swift */; };
		3DC1C2062202005E009080EF /* EpisodeSubscriber.swift in Sources */ = {isa = PBXBuildFile; fileRef = 3DC1C2052202005E009080EF /* EpisodeSubscriber.swift */; };
		3DC1C20922020557009080EF /* MiniPlayerViewController.swift in Sources */ = {isa = PBXBuildFile; fileRef = 3DC1C20822020557009080EF /* MiniPlayerViewController.swift */; };
		3DD23468220470B1003C940F /* EpisodePlayControlViewController.swift in Sources */ = {isa = PBXBuildFile; fileRef = 3DD23467220470B0003C940F /* EpisodePlayControlViewController.swift */; };
		3DD2346A22049FB1003C940F /* UIViewExtension.swift in Sources */ = {isa = PBXBuildFile; fileRef = 3DD2346922049FB1003C940F /* UIViewExtension.swift */; };
		3DD43F3422257D2B00017B3E /* UIBarButtonItemExtension.swift in Sources */ = {isa = PBXBuildFile; fileRef = 3DD43F3322257D2B00017B3E /* UIBarButtonItemExtension.swift */; };
		3DD43F36222585E100017B3E /* TermosViewController.swift in Sources */ = {isa = PBXBuildFile; fileRef = 3DD43F35222585E100017B3E /* TermosViewController.swift */; };
		3DD43F382225B26F00017B3E /* RecuperarViewController.swift in Sources */ = {isa = PBXBuildFile; fileRef = 3DD43F372225B26F00017B3E /* RecuperarViewController.swift */; };
		3DD43F3A2225C26400017B3E /* LoginTextField.swift in Sources */ = {isa = PBXBuildFile; fileRef = 3DD43F392225C26400017B3E /* LoginTextField.swift */; };
		3DF5F682221703E700F6BA33 /* DetalheViewController.swift in Sources */ = {isa = PBXBuildFile; fileRef = 3DF5F681221703E700F6BA33 /* DetalheViewController.swift */; };
		3DF5F686221722A700F6BA33 /* epidodeContentRight.xib in Resources */ = {isa = PBXBuildFile; fileRef = 3DF5F685221722A700F6BA33 /* epidodeContentRight.xib */; };
		3DF5F6882217275400F6BA33 /* epidodeContentRightView.swift in Sources */ = {isa = PBXBuildFile; fileRef = 3DF5F6872217275400F6BA33 /* epidodeContentRightView.swift */; };
		3DF98161221DF7CA0052EC16 /* CustomUISlider.swift in Sources */ = {isa = PBXBuildFile; fileRef = 3DF98160221DF7CA0052EC16 /* CustomUISlider.swift */; };
		3DF98163221EF07D0052EC16 /* WelcomeViewController.swift in Sources */ = {isa = PBXBuildFile; fileRef = 3DF98162221EF07D0052EC16 /* WelcomeViewController.swift */; };
		3DF98165221EF7840052EC16 /* SlideView.xib in Resources */ = {isa = PBXBuildFile; fileRef = 3DF98164221EF7840052EC16 /* SlideView.xib */; };
		3DF98167221EF7AB0052EC16 /* SlideView.swift in Sources */ = {isa = PBXBuildFile; fileRef = 3DF98166221EF7AB0052EC16 /* SlideView.swift */; };
		4450D30E17F99F8A8EDE0AE6 /* Pods_myPodcastApp.framework in Frameworks */ = {isa = PBXBuildFile; fileRef = 2F40ECBDE007A7782E85F010 /* Pods_myPodcastApp.framework */; };
/* End PBXBuildFile section */

/* Begin PBXFileReference section */
		2F40ECBDE007A7782E85F010 /* Pods_myPodcastApp.framework */ = {isa = PBXFileReference; explicitFileType = wrapper.framework; includeInIndex = 0; path = Pods_myPodcastApp.framework; sourceTree = BUILT_PRODUCTS_DIR; };
		35B2AF61163181F9E601E672 /* Pods-myPodcastApp.release.xcconfig */ = {isa = PBXFileReference; includeInIndex = 1; lastKnownFileType = text.xcconfig; name = "Pods-myPodcastApp.release.xcconfig"; path = "Pods/Target Support Files/Pods-myPodcastApp/Pods-myPodcastApp.release.xcconfig"; sourceTree = "<group>"; };
		3D05B5F62202140E0056E7B9 /* Network.swift */ = {isa = PBXFileReference; lastKnownFileType = sourcecode.swift; path = Network.swift; sourceTree = "<group>"; };
		3D123A142215CC9D009A8E57 /* ColorWeel.swift */ = {isa = PBXFileReference; lastKnownFileType = sourcecode.swift; path = ColorWeel.swift; sourceTree = "<group>"; };
		3D2D7B8A2208A7E4000E426A /* InheritanceViewController.swift */ = {isa = PBXFileReference; lastKnownFileType = sourcecode.swift; path = InheritanceViewController.swift; sourceTree = "<group>"; };
		3D2D7B912208C89B000E426A /* BibliotecaViewController.swift */ = {isa = PBXFileReference; lastKnownFileType = sourcecode.swift; path = BibliotecaViewController.swift; sourceTree = "<group>"; };
		3D2D7B932208C8BA000E426A /* PerfilViewController.swift */ = {isa = PBXFileReference; lastKnownFileType = sourcecode.swift; path = PerfilViewController.swift; sourceTree = "<group>"; };
		3D34FCFB22131FDA0062DB7E /* NotificacoesViewController.swift */ = {isa = PBXFileReference; lastKnownFileType = sourcecode.swift; path = NotificacoesViewController.swift; sourceTree = "<group>"; };
		3D34FD072213244F0062DB7E /* PrimeiraViewController.swift */ = {isa = PBXFileReference; lastKnownFileType = sourcecode.swift; path = PrimeiraViewController.swift; sourceTree = "<group>"; };
		3D34FD092213251E0062DB7E /* InicioViewController.swift */ = {isa = PBXFileReference; lastKnownFileType = sourcecode.swift; path = InicioViewController.swift; sourceTree = "<group>"; };
		3D34FD1B221484EC0062DB7E /* CustomCell.swift */ = {isa = PBXFileReference; lastKnownFileType = sourcecode.swift; path = CustomCell.swift; sourceTree = "<group>"; };
		3D34FD1D221485350062DB7E /* CustomCell.xib */ = {isa = PBXFileReference; lastKnownFileType = file.xib; path = CustomCell.xib; sourceTree = "<group>"; };
		3D38682222119FDF00E89FF4 /* CadastroViewController.swift */ = {isa = PBXFileReference; lastKnownFileType = sourcecode.swift; path = CadastroViewController.swift; sourceTree = "<group>"; };
		3D3868242211A00E00E89FF4 /* LoginViewController.swift */ = {isa = PBXFileReference; lastKnownFileType = sourcecode.swift; path = LoginViewController.swift; sourceTree = "<group>"; };
		3D3868272211AE8300E89FF4 /* AppUtil.swift */ = {isa = PBXFileReference; lastKnownFileType = sourcecode.swift; path = AppUtil.swift; sourceTree = "<group>"; };
		3D3868292211AEAA00E89FF4 /* AppError.swift */ = {isa = PBXFileReference; lastKnownFileType = sourcecode.swift; path = AppError.swift; sourceTree = "<group>"; };
		3D38682B2211AEC000E89FF4 /* AppServer.swift */ = {isa = PBXFileReference; lastKnownFileType = sourcecode.swift; path = AppServer.swift; sourceTree = "<group>"; };
		3D38682D2211AED600E89FF4 /* AppService.swift */ = {isa = PBXFileReference; lastKnownFileType = sourcecode.swift; path = AppService.swift; sourceTree = "<group>"; };
		3D38682F2211AEE900E89FF4 /* AppConfig.swift */ = {isa = PBXFileReference; lastKnownFileType = sourcecode.swift; path = AppConfig.swift; sourceTree = "<group>"; };
		3D3868322211DBEE00E89FF4 /* resumo.swift */ = {isa = PBXFileReference; lastKnownFileType = sourcecode.swift; path = resumo.swift; sourceTree = "<group>"; };
		3D415D3E21FB84A500A8FE31 /* Util.swift */ = {isa = PBXFileReference; lastKnownFileType = sourcecode.swift; path = Util.swift; sourceTree = "<group>"; };
		3D79641221F79F0700E171DC /* playerManager.swift */ = {isa = PBXFileReference; lastKnownFileType = sourcecode.swift; path = playerManager.swift; sourceTree = "<group>"; };
		3D7B9A202225DA5D0028A4FF /* LeituraViewController.swift */ = {isa = PBXFileReference; lastKnownFileType = sourcecode.swift; path = LeituraViewController.swift; sourceTree = "<group>"; };
		3D891C66220387CD0010E7A9 /* BaseViewController.swift */ = {isa = PBXFileReference; lastKnownFileType = sourcecode.swift; path = BaseViewController.swift; sourceTree = "<group>"; };
		3D9514BC21F5EDA7004960CE /* myPodcastApp.app */ = {isa = PBXFileReference; explicitFileType = wrapper.application; includeInIndex = 0; path = myPodcastApp.app; sourceTree = BUILT_PRODUCTS_DIR; };
		3D9514BF21F5EDA7004960CE /* AppDelegate.swift */ = {isa = PBXFileReference; lastKnownFileType = sourcecode.swift; path = AppDelegate.swift; sourceTree = "<group>"; };
		3D9514C421F5EDA7004960CE /* Base */ = {isa = PBXFileReference; lastKnownFileType = file.storyboard; name = Base; path = Base.lproj/Main.storyboard; sourceTree = "<group>"; };
		3D9514C621F5EDA9004960CE /* Assets.xcassets */ = {isa = PBXFileReference; lastKnownFileType = folder.assetcatalog; path = Assets.xcassets; sourceTree = "<group>"; };
		3D9514C921F5EDA9004960CE /* Base */ = {isa = PBXFileReference; lastKnownFileType = file.storyboard; name = Base; path = Base.lproj/LaunchScreen.storyboard; sourceTree = "<group>"; };
		3D9514CB21F5EDA9004960CE /* Info.plist */ = {isa = PBXFileReference; lastKnownFileType = text.plist.xml; path = Info.plist; sourceTree = "<group>"; };
		3D956BCD2224443C00E20477 /* CadastroTextField.swift */ = {isa = PBXFileReference; lastKnownFileType = sourcecode.swift; path = CadastroTextField.swift; sourceTree = "<group>"; };
		3D956BCF2224573200E20477 /* myPodcastApp.entitlements */ = {isa = PBXFileReference; lastKnownFileType = text.plist.entitlements; path = myPodcastApp.entitlements; sourceTree = "<group>"; };
		3D956BD022248EE200E20477 /* UITextViewExtension.swift */ = {isa = PBXFileReference; lastKnownFileType = sourcecode.swift; path = UITextViewExtension.swift; sourceTree = "<group>"; };
		3DC1C1FF2200C175009080EF /* TabBarViewController.swift */ = {isa = PBXFileReference; lastKnownFileType = sourcecode.swift; path = TabBarViewController.swift; sourceTree = "<group>"; };
		3DC1C2012201F2C9009080EF /* PlayerCardViewController.swift */ = {isa = PBXFileReference; lastKnownFileType = sourcecode.swift; path = PlayerCardViewController.swift; sourceTree = "<group>"; };
		3DC1C2052202005E009080EF /* EpisodeSubscriber.swift */ = {isa = PBXFileReference; lastKnownFileType = sourcecode.swift; path = EpisodeSubscriber.swift; sourceTree = "<group>"; };
		3DC1C20822020557009080EF /* MiniPlayerViewController.swift */ = {isa = PBXFileReference; lastKnownFileType = sourcecode.swift; path = MiniPlayerViewController.swift; sourceTree = "<group>"; };
		3DD23467220470B0003C940F /* EpisodePlayControlViewController.swift */ = {isa = PBXFileReference; lastKnownFileType = sourcecode.swift; path = EpisodePlayControlViewController.swift; sourceTree = "<group>"; };
		3DD2346922049FB1003C940F /* UIViewExtension.swift */ = {isa = PBXFileReference; lastKnownFileType = sourcecode.swift; path = UIViewExtension.swift; sourceTree = "<group>"; };
		3DD43F3322257D2B00017B3E /* UIBarButtonItemExtension.swift */ = {isa = PBXFileReference; lastKnownFileType = sourcecode.swift; path = UIBarButtonItemExtension.swift; sourceTree = "<group>"; };
		3DD43F35222585E100017B3E /* TermosViewController.swift */ = {isa = PBXFileReference; lastKnownFileType = sourcecode.swift; path = TermosViewController.swift; sourceTree = "<group>"; };
		3DD43F372225B26F00017B3E /* RecuperarViewController.swift */ = {isa = PBXFileReference; lastKnownFileType = sourcecode.swift; path = RecuperarViewController.swift; sourceTree = "<group>"; };
		3DD43F392225C26400017B3E /* LoginTextField.swift */ = {isa = PBXFileReference; lastKnownFileType = sourcecode.swift; path = LoginTextField.swift; sourceTree = "<group>"; };
		3DF5F681221703E700F6BA33 /* DetalheViewController.swift */ = {isa = PBXFileReference; lastKnownFileType = sourcecode.swift; path = DetalheViewController.swift; sourceTree = "<group>"; };
		3DF5F685221722A700F6BA33 /* epidodeContentRight.xib */ = {isa = PBXFileReference; lastKnownFileType = file.xib; path = epidodeContentRight.xib; sourceTree = "<group>"; };
		3DF5F6872217275400F6BA33 /* epidodeContentRightView.swift */ = {isa = PBXFileReference; lastKnownFileType = sourcecode.swift; path = epidodeContentRightView.swift; sourceTree = "<group>"; };
		3DF98160221DF7CA0052EC16 /* CustomUISlider.swift */ = {isa = PBXFileReference; lastKnownFileType = sourcecode.swift; path = CustomUISlider.swift; sourceTree = "<group>"; };
		3DF98162221EF07D0052EC16 /* WelcomeViewController.swift */ = {isa = PBXFileReference; lastKnownFileType = sourcecode.swift; name = WelcomeViewController.swift; path = myPodcastApp/WelcomeViewController.swift; sourceTree = SOURCE_ROOT; };
		3DF98164221EF7840052EC16 /* SlideView.xib */ = {isa = PBXFileReference; lastKnownFileType = file.xib; path = SlideView.xib; sourceTree = "<group>"; };
		3DF98166221EF7AB0052EC16 /* SlideView.swift */ = {isa = PBXFileReference; lastKnownFileType = sourcecode.swift; path = SlideView.swift; sourceTree = "<group>"; };
		F6E40D0697E1BB5535F86B83 /* Pods-myPodcastApp.debug.xcconfig */ = {isa = PBXFileReference; includeInIndex = 1; lastKnownFileType = text.xcconfig; name = "Pods-myPodcastApp.debug.xcconfig"; path = "Pods/Target Support Files/Pods-myPodcastApp/Pods-myPodcastApp.debug.xcconfig"; sourceTree = "<group>"; };
/* End PBXFileReference section */

/* Begin PBXFrameworksBuildPhase section */
		3D9514B921F5EDA7004960CE /* Frameworks */ = {
			isa = PBXFrameworksBuildPhase;
			buildActionMask = 2147483647;
			files = (
				4450D30E17F99F8A8EDE0AE6 /* Pods_myPodcastApp.framework in Frameworks */,
			);
			runOnlyForDeploymentPostprocessing = 0;
		};
/* End PBXFrameworksBuildPhase section */

/* Begin PBXGroup section */
		0E9ECB818A512049755120EC /* Frameworks */ = {
			isa = PBXGroup;
			children = (
				2F40ECBDE007A7782E85F010 /* Pods_myPodcastApp.framework */,
			);
			name = Frameworks;
			sourceTree = "<group>";
		};
		3D2D7B8C2208B645000E426A /* ViewControllerFromTabBar */ = {
			isa = PBXGroup;
			children = (
				3D2D7B8A2208A7E4000E426A /* InheritanceViewController.swift */,
				3D2D7B912208C89B000E426A /* BibliotecaViewController.swift */,
				3D2D7B932208C8BA000E426A /* PerfilViewController.swift */,
				3D34FCFB22131FDA0062DB7E /* NotificacoesViewController.swift */,
				3D34FD092213251E0062DB7E /* InicioViewController.swift */,
				3DF5F681221703E700F6BA33 /* DetalheViewController.swift */,
				3DF98160221DF7CA0052EC16 /* CustomUISlider.swift */,
				3D7B9A202225DA5D0028A4FF /* LeituraViewController.swift */,
				3DF5F6892217275E00F6BA33 /* custom with xib */,
			);
			path = ViewControllerFromTabBar;
			sourceTree = "<group>";
		};
		3D2D7B902208BA66000E426A /* Layouts */ = {
			isa = PBXGroup;
			children = (
				3D9514C321F5EDA7004960CE /* Main.storyboard */,
				3DF5F685221722A700F6BA33 /* epidodeContentRight.xib */,
				3D34FD1D221485350062DB7E /* CustomCell.xib */,
				3D123A142215CC9D009A8E57 /* ColorWeel.swift */,
				3DF98164221EF7840052EC16 /* SlideView.xib */,
			);
			path = Layouts;
			sourceTree = "<group>";
		};
		3D3868262211AE5C00E89FF4 /* core */ = {
			isa = PBXGroup;
			children = (
				3D9514BF21F5EDA7004960CE /* AppDelegate.swift */,
				3D3868272211AE8300E89FF4 /* AppUtil.swift */,
				3D3868292211AEAA00E89FF4 /* AppError.swift */,
				3D38682B2211AEC000E89FF4 /* AppServer.swift */,
				3D38682D2211AED600E89FF4 /* AppService.swift */,
				3D38682F2211AEE900E89FF4 /* AppConfig.swift */,
			);
			path = core;
			sourceTree = "<group>";
		};
		3D3868312211B4BA00E89FF4 /* Cadastro */ = {
			isa = PBXGroup;
			children = (
				3D34FD072213244F0062DB7E /* PrimeiraViewController.swift */,
				3D38682222119FDF00E89FF4 /* CadastroViewController.swift */,
				3D3868242211A00E00E89FF4 /* LoginViewController.swift */,
				3D956BCD2224443C00E20477 /* CadastroTextField.swift */,
				3DD43F392225C26400017B3E /* LoginTextField.swift */,
				3DD43F35222585E100017B3E /* TermosViewController.swift */,
				3DD43F372225B26F00017B3E /* RecuperarViewController.swift */,
			);
			path = Cadastro;
			sourceTree = "<group>";
		};
		3D9514B321F5EDA7004960CE = {
			isa = PBXGroup;
			children = (
				3D9514BE21F5EDA7004960CE /* myPodcastApp */,
				3D9514BD21F5EDA7004960CE /* Products */,
				C9512E9ACEBDD135EE35FABD /* Pods */,
				0E9ECB818A512049755120EC /* Frameworks */,
			);
			sourceTree = "<group>";
		};
		3D9514BD21F5EDA7004960CE /* Products */ = {
			isa = PBXGroup;
			children = (
				3D9514BC21F5EDA7004960CE /* myPodcastApp.app */,
			);
			name = Products;
			sourceTree = "<group>";
		};
		3D9514BE21F5EDA7004960CE /* myPodcastApp */ = {
			isa = PBXGroup;
			children = (
				3D956BCF2224573200E20477 /* myPodcastApp.entitlements */,
				3DC1C207220200BE009080EF /* Model */,
				3D3868262211AE5C00E89FF4 /* core */,
				3D891C66220387CD0010E7A9 /* BaseViewController.swift */,
				3D79641221F79F0700E171DC /* playerManager.swift */,
				3D05B5F62202140E0056E7B9 /* Network.swift */,
				3DC1C1FF2200C175009080EF /* TabBarViewController.swift */,
				3DF98162221EF07D0052EC16 /* WelcomeViewController.swift */,
				3D3868312211B4BA00E89FF4 /* Cadastro */,
				3DE481342209C770000431E0 /* PlayerViewControllers */,
				3D2D7B902208BA66000E426A /* Layouts */,
				3D2D7B8C2208B645000E426A /* ViewControllerFromTabBar */,
				3DD2346B22049FE3003C940F /* Helpers */,
				3D9514C621F5EDA9004960CE /* Assets.xcassets */,
				3D9514C821F5EDA9004960CE /* LaunchScreen.storyboard */,
				3D9514CB21F5EDA9004960CE /* Info.plist */,
			);
			path = myPodcastApp;
			sourceTree = "<group>";
		};
		3DC1C207220200BE009080EF /* Model */ = {
			isa = PBXGroup;
			children = (
				3DC1C2052202005E009080EF /* EpisodeSubscriber.swift */,
				3D3868322211DBEE00E89FF4 /* resumo.swift */,
			);
			path = Model;
			sourceTree = "<group>";
		};
		3DD2346B22049FE3003C940F /* Helpers */ = {
			isa = PBXGroup;
			children = (
				3D415D3E21FB84A500A8FE31 /* Util.swift */,
				3DD2346922049FB1003C940F /* UIViewExtension.swift */,
				3D956BD022248EE200E20477 /* UITextViewExtension.swift */,
				3DD43F3322257D2B00017B3E /* UIBarButtonItemExtension.swift */,
			);
			path = Helpers;
			sourceTree = "<group>";
		};
		3DE481342209C770000431E0 /* PlayerViewControllers */ = {
			isa = PBXGroup;
			children = (
				3DC1C20822020557009080EF /* MiniPlayerViewController.swift */,
				3DC1C2012201F2C9009080EF /* PlayerCardViewController.swift */,
				3DD23467220470B0003C940F /* EpisodePlayControlViewController.swift */,
			);
			path = PlayerViewControllers;
			sourceTree = "<group>";
		};
		3DF5F6892217275E00F6BA33 /* custom with xib */ = {
			isa = PBXGroup;
			children = (
				3D34FD1B221484EC0062DB7E /* CustomCell.swift */,
				3DF5F6872217275400F6BA33 /* epidodeContentRightView.swift */,
				3DF98166221EF7AB0052EC16 /* SlideView.swift */,
			);
			path = "custom with xib";
			sourceTree = "<group>";
		};
		C9512E9ACEBDD135EE35FABD /* Pods */ = {
			isa = PBXGroup;
			children = (
				F6E40D0697E1BB5535F86B83 /* Pods-myPodcastApp.debug.xcconfig */,
				35B2AF61163181F9E601E672 /* Pods-myPodcastApp.release.xcconfig */,
			);
			name = Pods;
			sourceTree = "<group>";
		};
/* End PBXGroup section */

/* Begin PBXNativeTarget section */
		3D9514BB21F5EDA7004960CE /* myPodcastApp */ = {
			isa = PBXNativeTarget;
			buildConfigurationList = 3D9514CE21F5EDA9004960CE /* Build configuration list for PBXNativeTarget "myPodcastApp" */;
			buildPhases = (
				1F493EB716E1EFD3C8B658EF /* [CP] Check Pods Manifest.lock */,
				3D9514B821F5EDA7004960CE /* Sources */,
				3D9514B921F5EDA7004960CE /* Frameworks */,
				3D9514BA21F5EDA7004960CE /* Resources */,
				63BDA6920C8E38AA79D4C890 /* [CP] Embed Pods Frameworks */,
			);
			buildRules = (
			);
			dependencies = (
			);
			name = myPodcastApp;
			productName = myPodcastApp;
			productReference = 3D9514BC21F5EDA7004960CE /* myPodcastApp.app */;
			productType = "com.apple.product-type.application";
		};
/* End PBXNativeTarget section */

/* Begin PBXProject section */
		3D9514B421F5EDA7004960CE /* Project object */ = {
			isa = PBXProject;
			attributes = {
				LastSwiftUpdateCheck = 1010;
				LastUpgradeCheck = 1010;
				ORGANIZATIONNAME = William;
				TargetAttributes = {
					3D9514BB21F5EDA7004960CE = {
						CreatedOnToolsVersion = 10.1;
						SystemCapabilities = {
							com.apple.BackgroundModes = {
								enabled = 1;
							};
							com.apple.Keychain = {
								enabled = 1;
							};
						};
					};
				};
			};
			buildConfigurationList = 3D9514B721F5EDA7004960CE /* Build configuration list for PBXProject "myPodcastApp" */;
			compatibilityVersion = "Xcode 9.3";
			developmentRegion = en;
			hasScannedForEncodings = 0;
			knownRegions = (
				en,
				Base,
			);
			mainGroup = 3D9514B321F5EDA7004960CE;
			productRefGroup = 3D9514BD21F5EDA7004960CE /* Products */;
			projectDirPath = "";
			projectRoot = "";
			targets = (
				3D9514BB21F5EDA7004960CE /* myPodcastApp */,
			);
		};
/* End PBXProject section */

/* Begin PBXResourcesBuildPhase section */
		3D9514BA21F5EDA7004960CE /* Resources */ = {
			isa = PBXResourcesBuildPhase;
			buildActionMask = 2147483647;
			files = (
				3DF98165221EF7840052EC16 /* SlideView.xib in Resources */,
				3D34FD1E221485350062DB7E /* CustomCell.xib in Resources */,
				3D9514CA21F5EDA9004960CE /* LaunchScreen.storyboard in Resources */,
				3D9514C721F5EDA9004960CE /* Assets.xcassets in Resources */,
				3DF5F686221722A700F6BA33 /* epidodeContentRight.xib in Resources */,
				3D9514C521F5EDA7004960CE /* Main.storyboard in Resources */,
			);
			runOnlyForDeploymentPostprocessing = 0;
		};
/* End PBXResourcesBuildPhase section */

/* Begin PBXShellScriptBuildPhase section */
		1F493EB716E1EFD3C8B658EF /* [CP] Check Pods Manifest.lock */ = {
			isa = PBXShellScriptBuildPhase;
			buildActionMask = 2147483647;
			files = (
			);
			inputFileListPaths = (
			);
			inputPaths = (
				"${PODS_PODFILE_DIR_PATH}/Podfile.lock",
				"${PODS_ROOT}/Manifest.lock",
			);
			name = "[CP] Check Pods Manifest.lock";
			outputFileListPaths = (
			);
			outputPaths = (
				"$(DERIVED_FILE_DIR)/Pods-myPodcastApp-checkManifestLockResult.txt",
			);
			runOnlyForDeploymentPostprocessing = 0;
			shellPath = /bin/sh;
			shellScript = "diff \"${PODS_PODFILE_DIR_PATH}/Podfile.lock\" \"${PODS_ROOT}/Manifest.lock\" > /dev/null\nif [ $? != 0 ] ; then\n    # print error to STDERR\n    echo \"error: The sandbox is not in sync with the Podfile.lock. Run 'pod install' or update your CocoaPods installation.\" >&2\n    exit 1\nfi\n# This output is used by Xcode 'outputs' to avoid re-running this script phase.\necho \"SUCCESS\" > \"${SCRIPT_OUTPUT_FILE_0}\"\n";
			showEnvVarsInLog = 0;
		};
		63BDA6920C8E38AA79D4C890 /* [CP] Embed Pods Frameworks */ = {
			isa = PBXShellScriptBuildPhase;
			buildActionMask = 2147483647;
			files = (
			);
			inputFileListPaths = (
			);
			inputPaths = (
				"${SRCROOT}/Pods/Target Support Files/Pods-myPodcastApp/Pods-myPodcastApp-frameworks.sh",
				"${BUILT_PRODUCTS_DIR}/Alamofire/Alamofire.framework",
				"${BUILT_PRODUCTS_DIR}/AlamofireImage/AlamofireImage.framework",
				"${BUILT_PRODUCTS_DIR}/Bolts/Bolts.framework",
				"${BUILT_PRODUCTS_DIR}/DeckTransition/DeckTransition.framework",
				"${BUILT_PRODUCTS_DIR}/FBSDKCoreKit/FBSDKCoreKit.framework",
				"${BUILT_PRODUCTS_DIR}/FBSDKLoginKit/FBSDKLoginKit.framework",
				"${BUILT_PRODUCTS_DIR}/FBSDKShareKit/FBSDKShareKit.framework",
				"${BUILT_PRODUCTS_DIR}/FacebookCore/FacebookCore.framework",
				"${BUILT_PRODUCTS_DIR}/FacebookLogin/FacebookLogin.framework",
				"${BUILT_PRODUCTS_DIR}/FacebookShare/FacebookShare.framework",
				"${BUILT_PRODUCTS_DIR}/SwiftyJSON/SwiftyJSON.framework",
			);
			name = "[CP] Embed Pods Frameworks";
			outputFileListPaths = (
			);
			outputPaths = (
				"${TARGET_BUILD_DIR}/${FRAMEWORKS_FOLDER_PATH}/Alamofire.framework",
				"${TARGET_BUILD_DIR}/${FRAMEWORKS_FOLDER_PATH}/AlamofireImage.framework",
				"${TARGET_BUILD_DIR}/${FRAMEWORKS_FOLDER_PATH}/Bolts.framework",
				"${TARGET_BUILD_DIR}/${FRAMEWORKS_FOLDER_PATH}/DeckTransition.framework",
				"${TARGET_BUILD_DIR}/${FRAMEWORKS_FOLDER_PATH}/FBSDKCoreKit.framework",
				"${TARGET_BUILD_DIR}/${FRAMEWORKS_FOLDER_PATH}/FBSDKLoginKit.framework",
				"${TARGET_BUILD_DIR}/${FRAMEWORKS_FOLDER_PATH}/FBSDKShareKit.framework",
				"${TARGET_BUILD_DIR}/${FRAMEWORKS_FOLDER_PATH}/FacebookCore.framework",
				"${TARGET_BUILD_DIR}/${FRAMEWORKS_FOLDER_PATH}/FacebookLogin.framework",
				"${TARGET_BUILD_DIR}/${FRAMEWORKS_FOLDER_PATH}/FacebookShare.framework",
				"${TARGET_BUILD_DIR}/${FRAMEWORKS_FOLDER_PATH}/SwiftyJSON.framework",
			);
			runOnlyForDeploymentPostprocessing = 0;
			shellPath = /bin/sh;
			shellScript = "\"${SRCROOT}/Pods/Target Support Files/Pods-myPodcastApp/Pods-myPodcastApp-frameworks.sh\"\n";
			showEnvVarsInLog = 0;
		};
/* End PBXShellScriptBuildPhase section */

/* Begin PBXSourcesBuildPhase section */
		3D9514B821F5EDA7004960CE /* Sources */ = {
			isa = PBXSourcesBuildPhase;
			buildActionMask = 2147483647;
			files = (
				3D05B5F72202140E0056E7B9 /* Network.swift in Sources */,
				3D3868302211AEE900E89FF4 /* AppConfig.swift in Sources */,
				3DC1C2002200C175009080EF /* TabBarViewController.swift in Sources */,
				3D956BD122248EE200E20477 /* UITextViewExtension.swift in Sources */,
				3D2D7B8B2208A7E4000E426A /* InheritanceViewController.swift in Sources */,
				3D415D3F21FB84A500A8FE31 /* Util.swift in Sources */,
				3DD43F36222585E100017B3E /* TermosViewController.swift in Sources */,
				3D34FD0A2213251E0062DB7E /* InicioViewController.swift in Sources */,
				3DC1C20922020557009080EF /* MiniPlayerViewController.swift in Sources */,
				3DD2346A22049FB1003C940F /* UIViewExtension.swift in Sources */,
				3DF5F6882217275400F6BA33 /* epidodeContentRightView.swift in Sources */,
				3DF98163221EF07D0052EC16 /* WelcomeViewController.swift in Sources */,
				3D34FCFC22131FDA0062DB7E /* NotificacoesViewController.swift in Sources */,
				3D38682A2211AEAA00E89FF4 /* AppError.swift in Sources */,
				3D3868252211A00E00E89FF4 /* LoginViewController.swift in Sources */,
				3D38682C2211AEC000E89FF4 /* AppServer.swift in Sources */,
				3D7B9A212225DA5D0028A4FF /* LeituraViewController.swift in Sources */,
				3D34FD1C221484EC0062DB7E /* CustomCell.swift in Sources */,
				3D3868282211AE8300E89FF4 /* AppUtil.swift in Sources */,
				3D2D7B922208C89B000E426A /* BibliotecaViewController.swift in Sources */,
				3D38682E2211AED600E89FF4 /* AppService.swift in Sources */,
				3D891C67220387CD0010E7A9 /* BaseViewController.swift in Sources */,
				3DD23468220470B1003C940F /* EpisodePlayControlViewController.swift in Sources */,
				3DD43F382225B26F00017B3E /* RecuperarViewController.swift in Sources */,
				3D956BCE2224443C00E20477 /* CadastroTextField.swift in Sources */,
				3DF5F682221703E700F6BA33 /* DetalheViewController.swift in Sources */,
				3DC1C2022201F2C9009080EF /* PlayerCardViewController.swift in Sources */,
				3DF98167221EF7AB0052EC16 /* SlideView.swift in Sources */,
				3DD43F3422257D2B00017B3E /* UIBarButtonItemExtension.swift in Sources */,
				3D2D7B942208C8BA000E426A /* PerfilViewController.swift in Sources */,
				3DC1C2062202005E009080EF /* EpisodeSubscriber.swift in Sources */,
				3D3868332211DBEE00E89FF4 /* resumo.swift in Sources */,
				3D9514C021F5EDA7004960CE /* AppDelegate.swift in Sources */,
				3D34FD082213244F0062DB7E /* PrimeiraViewController.swift in Sources */,
				3D79641321F79F0700E171DC /* playerManager.swift in Sources */,
				3D123A152215CC9D009A8E57 /* ColorWeel.swift in Sources */,
				3D38682322119FDF00E89FF4 /* CadastroViewController.swift in Sources */,
				3DF98161221DF7CA0052EC16 /* CustomUISlider.swift in Sources */,
				3DD43F3A2225C26400017B3E /* LoginTextField.swift in Sources */,
			);
			runOnlyForDeploymentPostprocessing = 0;
		};
/* End PBXSourcesBuildPhase section */

/* Begin PBXVariantGroup section */
		3D9514C321F5EDA7004960CE /* Main.storyboard */ = {
			isa = PBXVariantGroup;
			children = (
				3D9514C421F5EDA7004960CE /* Base */,
			);
			name = Main.storyboard;
			sourceTree = "<group>";
		};
		3D9514C821F5EDA9004960CE /* LaunchScreen.storyboard */ = {
			isa = PBXVariantGroup;
			children = (
				3D9514C921F5EDA9004960CE /* Base */,
			);
			name = LaunchScreen.storyboard;
			sourceTree = "<group>";
		};
/* End PBXVariantGroup section */

/* Begin XCBuildConfiguration section */
		3D9514CC21F5EDA9004960CE /* Debug */ = {
			isa = XCBuildConfiguration;
			buildSettings = {
				ALWAYS_SEARCH_USER_PATHS = NO;
				CLANG_ANALYZER_NONNULL = YES;
				CLANG_ANALYZER_NUMBER_OBJECT_CONVERSION = YES_AGGRESSIVE;
				CLANG_CXX_LANGUAGE_STANDARD = "gnu++14";
				CLANG_CXX_LIBRARY = "libc++";
				CLANG_ENABLE_MODULES = YES;
				CLANG_ENABLE_OBJC_ARC = YES;
				CLANG_ENABLE_OBJC_WEAK = YES;
				CLANG_WARN_BLOCK_CAPTURE_AUTORELEASING = YES;
				CLANG_WARN_BOOL_CONVERSION = YES;
				CLANG_WARN_COMMA = YES;
				CLANG_WARN_CONSTANT_CONVERSION = YES;
				CLANG_WARN_DEPRECATED_OBJC_IMPLEMENTATIONS = YES;
				CLANG_WARN_DIRECT_OBJC_ISA_USAGE = YES_ERROR;
				CLANG_WARN_DOCUMENTATION_COMMENTS = YES;
				CLANG_WARN_EMPTY_BODY = YES;
				CLANG_WARN_ENUM_CONVERSION = YES;
				CLANG_WARN_INFINITE_RECURSION = YES;
				CLANG_WARN_INT_CONVERSION = YES;
				CLANG_WARN_NON_LITERAL_NULL_CONVERSION = YES;
				CLANG_WARN_OBJC_IMPLICIT_RETAIN_SELF = YES;
				CLANG_WARN_OBJC_LITERAL_CONVERSION = YES;
				CLANG_WARN_OBJC_ROOT_CLASS = YES_ERROR;
				CLANG_WARN_RANGE_LOOP_ANALYSIS = YES;
				CLANG_WARN_STRICT_PROTOTYPES = YES;
				CLANG_WARN_SUSPICIOUS_MOVE = YES;
				CLANG_WARN_UNGUARDED_AVAILABILITY = YES_AGGRESSIVE;
				CLANG_WARN_UNREACHABLE_CODE = YES;
				CLANG_WARN__DUPLICATE_METHOD_MATCH = YES;
				CODE_SIGN_IDENTITY = "iPhone Developer";
				COPY_PHASE_STRIP = NO;
				DEBUG_INFORMATION_FORMAT = dwarf;
				ENABLE_STRICT_OBJC_MSGSEND = YES;
				ENABLE_TESTABILITY = YES;
				GCC_C_LANGUAGE_STANDARD = gnu11;
				GCC_DYNAMIC_NO_PIC = NO;
				GCC_NO_COMMON_BLOCKS = YES;
				GCC_OPTIMIZATION_LEVEL = 0;
				GCC_PREPROCESSOR_DEFINITIONS = (
					"DEBUG=1",
					"$(inherited)",
				);
				GCC_WARN_64_TO_32_BIT_CONVERSION = YES;
				GCC_WARN_ABOUT_RETURN_TYPE = YES_ERROR;
				GCC_WARN_UNDECLARED_SELECTOR = YES;
				GCC_WARN_UNINITIALIZED_AUTOS = YES_AGGRESSIVE;
				GCC_WARN_UNUSED_FUNCTION = YES;
				GCC_WARN_UNUSED_VARIABLE = YES;
				IPHONEOS_DEPLOYMENT_TARGET = 12.1;
				MTL_ENABLE_DEBUG_INFO = INCLUDE_SOURCE;
				MTL_FAST_MATH = YES;
				ONLY_ACTIVE_ARCH = YES;
				SDKROOT = iphoneos;
				SWIFT_ACTIVE_COMPILATION_CONDITIONS = DEBUG;
				SWIFT_OPTIMIZATION_LEVEL = "-Onone";
			};
			name = Debug;
		};
		3D9514CD21F5EDA9004960CE /* Release */ = {
			isa = XCBuildConfiguration;
			buildSettings = {
				ALWAYS_SEARCH_USER_PATHS = NO;
				CLANG_ANALYZER_NONNULL = YES;
				CLANG_ANALYZER_NUMBER_OBJECT_CONVERSION = YES_AGGRESSIVE;
				CLANG_CXX_LANGUAGE_STANDARD = "gnu++14";
				CLANG_CXX_LIBRARY = "libc++";
				CLANG_ENABLE_MODULES = YES;
				CLANG_ENABLE_OBJC_ARC = YES;
				CLANG_ENABLE_OBJC_WEAK = YES;
				CLANG_WARN_BLOCK_CAPTURE_AUTORELEASING = YES;
				CLANG_WARN_BOOL_CONVERSION = YES;
				CLANG_WARN_COMMA = YES;
				CLANG_WARN_CONSTANT_CONVERSION = YES;
				CLANG_WARN_DEPRECATED_OBJC_IMPLEMENTATIONS = YES;
				CLANG_WARN_DIRECT_OBJC_ISA_USAGE = YES_ERROR;
				CLANG_WARN_DOCUMENTATION_COMMENTS = YES;
				CLANG_WARN_EMPTY_BODY = YES;
				CLANG_WARN_ENUM_CONVERSION = YES;
				CLANG_WARN_INFINITE_RECURSION = YES;
				CLANG_WARN_INT_CONVERSION = YES;
				CLANG_WARN_NON_LITERAL_NULL_CONVERSION = YES;
				CLANG_WARN_OBJC_IMPLICIT_RETAIN_SELF = YES;
				CLANG_WARN_OBJC_LITERAL_CONVERSION = YES;
				CLANG_WARN_OBJC_ROOT_CLASS = YES_ERROR;
				CLANG_WARN_RANGE_LOOP_ANALYSIS = YES;
				CLANG_WARN_STRICT_PROTOTYPES = YES;
				CLANG_WARN_SUSPICIOUS_MOVE = YES;
				CLANG_WARN_UNGUARDED_AVAILABILITY = YES_AGGRESSIVE;
				CLANG_WARN_UNREACHABLE_CODE = YES;
				CLANG_WARN__DUPLICATE_METHOD_MATCH = YES;
				CODE_SIGN_IDENTITY = "iPhone Developer";
				COPY_PHASE_STRIP = NO;
				DEBUG_INFORMATION_FORMAT = "dwarf-with-dsym";
				ENABLE_NS_ASSERTIONS = NO;
				ENABLE_STRICT_OBJC_MSGSEND = YES;
				GCC_C_LANGUAGE_STANDARD = gnu11;
				GCC_NO_COMMON_BLOCKS = YES;
				GCC_WARN_64_TO_32_BIT_CONVERSION = YES;
				GCC_WARN_ABOUT_RETURN_TYPE = YES_ERROR;
				GCC_WARN_UNDECLARED_SELECTOR = YES;
				GCC_WARN_UNINITIALIZED_AUTOS = YES_AGGRESSIVE;
				GCC_WARN_UNUSED_FUNCTION = YES;
				GCC_WARN_UNUSED_VARIABLE = YES;
				IPHONEOS_DEPLOYMENT_TARGET = 12.1;
				MTL_ENABLE_DEBUG_INFO = NO;
				MTL_FAST_MATH = YES;
				SDKROOT = iphoneos;
				SWIFT_COMPILATION_MODE = wholemodule;
				SWIFT_OPTIMIZATION_LEVEL = "-O";
				VALIDATE_PRODUCT = YES;
			};
			name = Release;
		};
		3D9514CF21F5EDA9004960CE /* Debug */ = {
			isa = XCBuildConfiguration;
			baseConfigurationReference = F6E40D0697E1BB5535F86B83 /* Pods-myPodcastApp.debug.xcconfig */;
			buildSettings = {
				ASSETCATALOG_COMPILER_APPICON_NAME = AppIcon;
				CODE_SIGN_ENTITLEMENTS = myPodcastApp/myPodcastApp.entitlements;
				CODE_SIGN_STYLE = Automatic;
				DEVELOPMENT_TEAM = UQ28865C6V;
				INFOPLIST_FILE = myPodcastApp/Info.plist;
				IPHONEOS_DEPLOYMENT_TARGET = 11.0;
				LD_RUNPATH_SEARCH_PATHS = (
					"$(inherited)",
					"@executable_path/Frameworks",
				);
				PRODUCT_BUNDLE_IDENTIFIER = br.com.dubbox.resumocast;
				PRODUCT_NAME = "$(TARGET_NAME)";
				SWIFT_VERSION = 4.2;
				TARGETED_DEVICE_FAMILY = 1;
			};
			name = Debug;
		};
		3D9514D021F5EDA9004960CE /* Release */ = {
			isa = XCBuildConfiguration;
			baseConfigurationReference = 35B2AF61163181F9E601E672 /* Pods-myPodcastApp.release.xcconfig */;
			buildSettings = {
				ASSETCATALOG_COMPILER_APPICON_NAME = AppIcon;
				CODE_SIGN_ENTITLEMENTS = myPodcastApp/myPodcastApp.entitlements;
				CODE_SIGN_STYLE = Automatic;
				DEVELOPMENT_TEAM = UQ28865C6V;
				INFOPLIST_FILE = myPodcastApp/Info.plist;
				IPHONEOS_DEPLOYMENT_TARGET = 11.0;
				LD_RUNPATH_SEARCH_PATHS = (
					"$(inherited)",
					"@executable_path/Frameworks",
				);
				PRODUCT_BUNDLE_IDENTIFIER = br.com.dubbox.resumocast;
				PRODUCT_NAME = "$(TARGET_NAME)";
				SWIFT_VERSION = 4.2;
				TARGETED_DEVICE_FAMILY = 1;
			};
			name = Release;
		};
/* End XCBuildConfiguration section */

/* Begin XCConfigurationList section */
		3D9514B721F5EDA7004960CE /* Build configuration list for PBXProject "myPodcastApp" */ = {
			isa = XCConfigurationList;
			buildConfigurations = (
				3D9514CC21F5EDA9004960CE /* Debug */,
				3D9514CD21F5EDA9004960CE /* Release */,
			);
			defaultConfigurationIsVisible = 0;
			defaultConfigurationName = Release;
		};
		3D9514CE21F5EDA9004960CE /* Build configuration list for PBXNativeTarget "myPodcastApp" */ = {
			isa = XCConfigurationList;
			buildConfigurations = (
				3D9514CF21F5EDA9004960CE /* Debug */,
				3D9514D021F5EDA9004960CE /* Release */,
			);
			defaultConfigurationIsVisible = 0;
			defaultConfigurationName = Release;
		};
/* End XCConfigurationList section */
	};
	rootObject = 3D9514B421F5EDA7004960CE /* Project object */;
}
